// !$*UTF8*$!
{
	archiveVersion = 1;
	classes = {
	};
	objectVersion = 46;
	objects = {

/* Begin PBXBuildFile section */
		243A50FA1BEC762B00E04B1A /* main.m in Sources */ = {isa = PBXBuildFile; fileRef = 243A50F91BEC762B00E04B1A /* main.m */; };
		243A50FD1BEC762B00E04B1A /* AppDelegate.m in Sources */ = {isa = PBXBuildFile; fileRef = 243A50FC1BEC762B00E04B1A /* AppDelegate.m */; };
		243A51001BEC762B00E04B1A /* ViewController.m in Sources */ = {isa = PBXBuildFile; fileRef = 243A50FF1BEC762B00E04B1A /* ViewController.m */; };
		243A51031BEC762B00E04B1A /* Main.storyboard in Resources */ = {isa = PBXBuildFile; fileRef = 243A51011BEC762B00E04B1A /* Main.storyboard */; };
		243A51051BEC762B00E04B1A /* Assets.xcassets in Resources */ = {isa = PBXBuildFile; fileRef = 243A51041BEC762B00E04B1A /* Assets.xcassets */; };
		243A51081BEC762B00E04B1A /* LaunchScreen.storyboard in Resources */ = {isa = PBXBuildFile; fileRef = 243A51061BEC762B00E04B1A /* LaunchScreen.storyboard */; };
		243A51131BEC762B00E04B1A /* SZQRCodeDemoTests.m in Sources */ = {isa = PBXBuildFile; fileRef = 243A51121BEC762B00E04B1A /* SZQRCodeDemoTests.m */; };
		243A511E1BEC762B00E04B1A /* SZQRCodeDemoUITests.m in Sources */ = {isa = PBXBuildFile; fileRef = 243A511D1BEC762B00E04B1A /* SZQRCodeDemoUITests.m */; };
		243A51351BEC937E00E04B1A /* SZQRCodeViewController.m in Sources */ = {isa = PBXBuildFile; fileRef = 243A51341BEC937E00E04B1A /* SZQRCodeViewController.m */; };
		243A517C1BECA8CF00E04B1A /* generate.png in Resources */ = {isa = PBXBuildFile; fileRef = 243A517B1BECA8CF00E04B1A /* generate.png */; };
		2F2828D0438F4DDADD2AC91D /* libPods.a in Frameworks */ = {isa = PBXBuildFile; fileRef = 30C821BE89B193871A6CAA01 /* libPods.a */; };
/* End PBXBuildFile section */

/* Begin PBXContainerItemProxy section */
		243A510F1BEC762B00E04B1A /* PBXContainerItemProxy */ = {
			isa = PBXContainerItemProxy;
			containerPortal = 243A50ED1BEC762B00E04B1A /* Project object */;
			proxyType = 1;
			remoteGlobalIDString = 243A50F41BEC762B00E04B1A;
			remoteInfo = SZQRCodeDemo;
		};
		243A511A1BEC762B00E04B1A /* PBXContainerItemProxy */ = {
			isa = PBXContainerItemProxy;
			containerPortal = 243A50ED1BEC762B00E04B1A /* Project object */;
			proxyType = 1;
			remoteGlobalIDString = 243A50F41BEC762B00E04B1A;
			remoteInfo = SZQRCodeDemo;
		};
/* End PBXContainerItemProxy section */

/* Begin PBXFileReference section */
		243A50F51BEC762B00E04B1A /* SZQRCodeDemo.app */ = {isa = PBXFileReference; explicitFileType = wrapper.application; includeInIndex = 0; path = SZQRCodeDemo.app; sourceTree = BUILT_PRODUCTS_DIR; };
		243A50F91BEC762B00E04B1A /* main.m */ = {isa = PBXFileReference; lastKnownFileType = sourcecode.c.objc; path = main.m; sourceTree = "<group>"; };
		243A50FB1BEC762B00E04B1A /* AppDelegate.h */ = {isa = PBXFileReference; lastKnownFileType = sourcecode.c.h; path = AppDelegate.h; sourceTree = "<group>"; };
		243A50FC1BEC762B00E04B1A /* AppDelegate.m */ = {isa = PBXFileReference; lastKnownFileType = sourcecode.c.objc; path = AppDelegate.m; sourceTree = "<group>"; };
		243A50FE1BEC762B00E04B1A /* ViewController.h */ = {isa = PBXFileReference; lastKnownFileType = sourcecode.c.h; path = ViewController.h; sourceTree = "<group>"; };
		243A50FF1BEC762B00E04B1A /* ViewController.m */ = {isa = PBXFileReference; lastKnownFileType = sourcecode.c.objc; path = ViewController.m; sourceTree = "<group>"; };
		243A51021BEC762B00E04B1A /* Base */ = {isa = PBXFileReference; lastKnownFileType = file.storyboard; name = Base; path = Base.lproj/Main.storyboard; sourceTree = "<group>"; };
		243A51041BEC762B00E04B1A /* Assets.xcassets */ = {isa = PBXFileReference; lastKnownFileType = folder.assetcatalog; path = Assets.xcassets; sourceTree = "<group>"; };
		243A51071BEC762B00E04B1A /* Base */ = {isa = PBXFileReference; lastKnownFileType = file.storyboard; name = Base; path = Base.lproj/LaunchScreen.storyboard; sourceTree = "<group>"; };
		243A51091BEC762B00E04B1A /* Info.plist */ = {isa = PBXFileReference; lastKnownFileType = text.plist.xml; path = Info.plist; sourceTree = "<group>"; };
		243A510E1BEC762B00E04B1A /* SZQRCodeDemoTests.xctest */ = {isa = PBXFileReference; explicitFileType = wrapper.cfbundle; includeInIndex = 0; path = SZQRCodeDemoTests.xctest; sourceTree = BUILT_PRODUCTS_DIR; };
		243A51121BEC762B00E04B1A /* SZQRCodeDemoTests.m */ = {isa = PBXFileReference; lastKnownFileType = sourcecode.c.objc; path = SZQRCodeDemoTests.m; sourceTree = "<group>"; };
		243A51141BEC762B00E04B1A /* Info.plist */ = {isa = PBXFileReference; lastKnownFileType = text.plist.xml; path = Info.plist; sourceTree = "<group>"; };
		243A51191BEC762B00E04B1A /* SZQRCodeDemoUITests.xctest */ = {isa = PBXFileReference; explicitFileType = wrapper.cfbundle; includeInIndex = 0; path = SZQRCodeDemoUITests.xctest; sourceTree = BUILT_PRODUCTS_DIR; };
		243A511D1BEC762B00E04B1A /* SZQRCodeDemoUITests.m */ = {isa = PBXFileReference; lastKnownFileType = sourcecode.c.objc; path = SZQRCodeDemoUITests.m; sourceTree = "<group>"; };
		243A511F1BEC762B00E04B1A /* Info.plist */ = {isa = PBXFileReference; lastKnownFileType = text.plist.xml; path = Info.plist; sourceTree = "<group>"; };
		243A51331BEC937E00E04B1A /* SZQRCodeViewController.h */ = {isa = PBXFileReference; fileEncoding = 4; lastKnownFileType = sourcecode.c.h; path = SZQRCodeViewController.h; sourceTree = "<group>"; };
		243A51341BEC937E00E04B1A /* SZQRCodeViewController.m */ = {isa = PBXFileReference; fileEncoding = 4; lastKnownFileType = sourcecode.c.objc; path = SZQRCodeViewController.m; sourceTree = "<group>"; };
		243A517B1BECA8CF00E04B1A /* generate.png */ = {isa = PBXFileReference; lastKnownFileType = image.png; path = generate.png; sourceTree = "<group>"; };
		30C821BE89B193871A6CAA01 /* libPods.a */ = {isa = PBXFileReference; explicitFileType = archive.ar; includeInIndex = 0; path = libPods.a; sourceTree = BUILT_PRODUCTS_DIR; };
		5C64EFAA3323006DD54954B6 /* Pods.debug.xcconfig */ = {isa = PBXFileReference; includeInIndex = 1; lastKnownFileType = text.xcconfig; name = Pods.debug.xcconfig; path = "Pods/Target Support Files/Pods/Pods.debug.xcconfig"; sourceTree = "<group>"; };
		6573823787B264A6F95D7E82 /* Pods.release.xcconfig */ = {isa = PBXFileReference; includeInIndex = 1; lastKnownFileType = text.xcconfig; name = Pods.release.xcconfig; path = "Pods/Target Support Files/Pods/Pods.release.xcconfig"; sourceTree = "<group>"; };
/* End PBXFileReference section */

/* Begin PBXFrameworksBuildPhase section */
		243A50F21BEC762B00E04B1A /* Frameworks */ = {
			isa = PBXFrameworksBuildPhase;
			buildActionMask = 2147483647;
			files = (
				2F2828D0438F4DDADD2AC91D /* libPods.a in Frameworks */,
			);
			runOnlyForDeploymentPostprocessing = 0;
		};
		243A510B1BEC762B00E04B1A /* Frameworks */ = {
			isa = PBXFrameworksBuildPhase;
			buildActionMask = 2147483647;
			files = (
			);
			runOnlyForDeploymentPostprocessing = 0;
		};
		243A51161BEC762B00E04B1A /* Frameworks */ = {
			isa = PBXFrameworksBuildPhase;
			buildActionMask = 2147483647;
			files = (
			);
			runOnlyForDeploymentPostprocessing = 0;
		};
/* End PBXFrameworksBuildPhase section */

/* Begin PBXGroup section */
		243A50EC1BEC762B00E04B1A = {
			isa = PBXGroup;
			children = (
				243A51321BEC937400E04B1A /* SZQRCode */,
				243A50F71BEC762B00E04B1A /* SZQRCodeDemo */,
				243A51111BEC762B00E04B1A /* SZQRCodeDemoTests */,
				243A511C1BEC762B00E04B1A /* SZQRCodeDemoUITests */,
				243A50F61BEC762B00E04B1A /* Products */,
				6959D63D28C6CE3B468966D8 /* Pods */,
				F3199E4E51E414541EF55B07 /* Frameworks */,
			);
			sourceTree = "<group>";
		};
		243A50F61BEC762B00E04B1A /* Products */ = {
			isa = PBXGroup;
			children = (
				243A50F51BEC762B00E04B1A /* SZQRCodeDemo.app */,
				243A510E1BEC762B00E04B1A /* SZQRCodeDemoTests.xctest */,
				243A51191BEC762B00E04B1A /* SZQRCodeDemoUITests.xctest */,
			);
			name = Products;
			sourceTree = "<group>";
		};
		243A50F71BEC762B00E04B1A /* SZQRCodeDemo */ = {
			isa = PBXGroup;
			children = (
				243A517B1BECA8CF00E04B1A /* generate.png */,
				243A50FB1BEC762B00E04B1A /* AppDelegate.h */,
				243A50FC1BEC762B00E04B1A /* AppDelegate.m */,
				243A50FE1BEC762B00E04B1A /* ViewController.h */,
				243A50FF1BEC762B00E04B1A /* ViewController.m */,
				243A51011BEC762B00E04B1A /* Main.storyboard */,
				243A51041BEC762B00E04B1A /* Assets.xcassets */,
				243A51061BEC762B00E04B1A /* LaunchScreen.storyboard */,
				243A51091BEC762B00E04B1A /* Info.plist */,
				243A50F81BEC762B00E04B1A /* Supporting Files */,
			);
			path = SZQRCodeDemo;
			sourceTree = "<group>";
		};
		243A50F81BEC762B00E04B1A /* Supporting Files */ = {
			isa = PBXGroup;
			children = (
				243A50F91BEC762B00E04B1A /* main.m */,
			);
			name = "Supporting Files";
			sourceTree = "<group>";
		};
		243A51111BEC762B00E04B1A /* SZQRCodeDemoTests */ = {
			isa = PBXGroup;
			children = (
				243A51121BEC762B00E04B1A /* SZQRCodeDemoTests.m */,
				243A51141BEC762B00E04B1A /* Info.plist */,
			);
			path = SZQRCodeDemoTests;
			sourceTree = "<group>";
		};
		243A511C1BEC762B00E04B1A /* SZQRCodeDemoUITests */ = {
			isa = PBXGroup;
			children = (
				243A511D1BEC762B00E04B1A /* SZQRCodeDemoUITests.m */,
				243A511F1BEC762B00E04B1A /* Info.plist */,
			);
			path = SZQRCodeDemoUITests;
			sourceTree = "<group>";
		};
		243A51321BEC937400E04B1A /* SZQRCode */ = {
			isa = PBXGroup;
			children = (
				243A51331BEC937E00E04B1A /* SZQRCodeViewController.h */,
				243A51341BEC937E00E04B1A /* SZQRCodeViewController.m */,
			);
			path = SZQRCode;
			sourceTree = "<group>";
		};
		6959D63D28C6CE3B468966D8 /* Pods */ = {
			isa = PBXGroup;
			children = (
				5C64EFAA3323006DD54954B6 /* Pods.debug.xcconfig */,
				6573823787B264A6F95D7E82 /* Pods.release.xcconfig */,
			);
			name = Pods;
			sourceTree = "<group>";
		};
		F3199E4E51E414541EF55B07 /* Frameworks */ = {
			isa = PBXGroup;
			children = (
				30C821BE89B193871A6CAA01 /* libPods.a */,
			);
			name = Frameworks;
			sourceTree = "<group>";
		};
/* End PBXGroup section */

/* Begin PBXNativeTarget section */
		243A50F41BEC762B00E04B1A /* SZQRCodeDemo */ = {
			isa = PBXNativeTarget;
			buildConfigurationList = 243A51221BEC762B00E04B1A /* Build configuration list for PBXNativeTarget "SZQRCodeDemo" */;
			buildPhases = (
				5F592673DAE245115EEAD416 /* Check Pods Manifest.lock */,
				243A50F11BEC762B00E04B1A /* Sources */,
				243A50F21BEC762B00E04B1A /* Frameworks */,
				243A50F31BEC762B00E04B1A /* Resources */,
				B47A7924CE014448865A63A8 /* Embed Pods Frameworks */,
				C1CCEA12C3FE59D3D6B6E9EE /* Copy Pods Resources */,
			);
			buildRules = (
			);
			dependencies = (
			);
			name = SZQRCodeDemo;
			productName = SZQRCodeDemo;
			productReference = 243A50F51BEC762B00E04B1A /* SZQRCodeDemo.app */;
			productType = "com.apple.product-type.application";
		};
		243A510D1BEC762B00E04B1A /* SZQRCodeDemoTests */ = {
			isa = PBXNativeTarget;
			buildConfigurationList = 243A51251BEC762B00E04B1A /* Build configuration list for PBXNativeTarget "SZQRCodeDemoTests" */;
			buildPhases = (
				243A510A1BEC762B00E04B1A /* Sources */,
				243A510B1BEC762B00E04B1A /* Frameworks */,
				243A510C1BEC762B00E04B1A /* Resources */,
			);
			buildRules = (
			);
			dependencies = (
				243A51101BEC762B00E04B1A /* PBXTargetDependency */,
			);
			name = SZQRCodeDemoTests;
			productName = SZQRCodeDemoTests;
			productReference = 243A510E1BEC762B00E04B1A /* SZQRCodeDemoTests.xctest */;
			productType = "com.apple.product-type.bundle.unit-test";
		};
		243A51181BEC762B00E04B1A /* SZQRCodeDemoUITests */ = {
			isa = PBXNativeTarget;
			buildConfigurationList = 243A51281BEC762B00E04B1A /* Build configuration list for PBXNativeTarget "SZQRCodeDemoUITests" */;
			buildPhases = (
				243A51151BEC762B00E04B1A /* Sources */,
				243A51161BEC762B00E04B1A /* Frameworks */,
				243A51171BEC762B00E04B1A /* Resources */,
			);
			buildRules = (
			);
			dependencies = (
				243A511B1BEC762B00E04B1A /* PBXTargetDependency */,
			);
			name = SZQRCodeDemoUITests;
			productName = SZQRCodeDemoUITests;
			productReference = 243A51191BEC762B00E04B1A /* SZQRCodeDemoUITests.xctest */;
			productType = "com.apple.product-type.bundle.ui-testing";
		};
/* End PBXNativeTarget section */

/* Begin PBXProject section */
		243A50ED1BEC762B00E04B1A /* Project object */ = {
			isa = PBXProject;
			attributes = {
				LastUpgradeCheck = 0710;
				ORGANIZATIONNAME = shengzhichen;
				TargetAttributes = {
					243A50F41BEC762B00E04B1A = {
						CreatedOnToolsVersion = 7.1;
					};
					243A510D1BEC762B00E04B1A = {
						CreatedOnToolsVersion = 7.1;
						TestTargetID = 243A50F41BEC762B00E04B1A;
					};
					243A51181BEC762B00E04B1A = {
						CreatedOnToolsVersion = 7.1;
						TestTargetID = 243A50F41BEC762B00E04B1A;
					};
				};
			};
			buildConfigurationList = 243A50F01BEC762B00E04B1A /* Build configuration list for PBXProject "SZQRCodeDemo" */;
			compatibilityVersion = "Xcode 3.2";
			developmentRegion = English;
			hasScannedForEncodings = 0;
			knownRegions = (
				en,
				Base,
			);
			mainGroup = 243A50EC1BEC762B00E04B1A;
			productRefGroup = 243A50F61BEC762B00E04B1A /* Products */;
			projectDirPath = "";
			projectRoot = "";
			targets = (
				243A50F41BEC762B00E04B1A /* SZQRCodeDemo */,
				243A510D1BEC762B00E04B1A /* SZQRCodeDemoTests */,
				243A51181BEC762B00E04B1A /* SZQRCodeDemoUITests */,
			);
		};
/* End PBXProject section */

/* Begin PBXResourcesBuildPhase section */
		243A50F31BEC762B00E04B1A /* Resources */ = {
			isa = PBXResourcesBuildPhase;
			buildActionMask = 2147483647;
			files = (
				243A51081BEC762B00E04B1A /* LaunchScreen.storyboard in Resources */,
				243A51051BEC762B00E04B1A /* Assets.xcassets in Resources */,
				243A517C1BECA8CF00E04B1A /* generate.png in Resources */,
				243A51031BEC762B00E04B1A /* Main.storyboard in Resources */,
			);
			runOnlyForDeploymentPostprocessing = 0;
		};
		243A510C1BEC762B00E04B1A /* Resources */ = {
			isa = PBXResourcesBuildPhase;
			buildActionMask = 2147483647;
			files = (
			);
			runOnlyForDeploymentPostprocessing = 0;
		};
		243A51171BEC762B00E04B1A /* Resources */ = {
			isa = PBXResourcesBuildPhase;
			buildActionMask = 2147483647;
			files = (
			);
			runOnlyForDeploymentPostprocessing = 0;
		};
/* End PBXResourcesBuildPhase section */

/* Begin PBXShellScriptBuildPhase section */
		5F592673DAE245115EEAD416 /* Check Pods Manifest.lock */ = {
			isa = PBXShellScriptBuildPhase;
			buildActionMask = 2147483647;
			files = (
			);
			inputPaths = (
			);
			name = "Check Pods Manifest.lock";
			outputPaths = (
			);
			runOnlyForDeploymentPostprocessing = 0;
			shellPath = /bin/sh;
			shellScript = "diff \"${PODS_ROOT}/../Podfile.lock\" \"${PODS_ROOT}/Manifest.lock\" > /dev/null\nif [[ $? != 0 ]] ; then\n    cat << EOM\nerror: The sandbox is not in sync with the Podfile.lock. Run 'pod install' or update your CocoaPods installation.\nEOM\n    exit 1\nfi\n";
			showEnvVarsInLog = 0;
		};
		B47A7924CE014448865A63A8 /* Embed Pods Frameworks */ = {
			isa = PBXShellScriptBuildPhase;
			buildActionMask = 2147483647;
			files = (
			);
			inputPaths = (
			);
			name = "Embed Pods Frameworks";
			outputPaths = (
			);
			runOnlyForDeploymentPostprocessing = 0;
			shellPath = /bin/sh;
			shellScript = "\"${SRCROOT}/Pods/Target Support Files/Pods/Pods-frameworks.sh\"\n";
			showEnvVarsInLog = 0;
		};
		C1CCEA12C3FE59D3D6B6E9EE /* Copy Pods Resources */ = {
			isa = PBXShellScriptBuildPhase;
			buildActionMask = 2147483647;
			files = (
			);
			inputPaths = (
			);
			name = "Copy Pods Resources";
			outputPaths = (
			);
			runOnlyForDeploymentPostprocessing = 0;
			shellPath = /bin/sh;
			shellScript = "\"${SRCROOT}/Pods/Target Support Files/Pods/Pods-resources.sh\"\n";
			showEnvVarsInLog = 0;
		};
/* End PBXShellScriptBuildPhase section */

/* Begin PBXSourcesBuildPhase section */
		243A50F11BEC762B00E04B1A /* Sources */ = {
			isa = PBXSourcesBuildPhase;
			buildActionMask = 2147483647;
			files = (
				243A51001BEC762B00E04B1A /* ViewController.m in Sources */,
				243A51351BEC937E00E04B1A /* SZQRCodeViewController.m in Sources */,
				243A50FD1BEC762B00E04B1A /* AppDelegate.m in Sources */,
				243A50FA1BEC762B00E04B1A /* main.m in Sources */,
			);
			runOnlyForDeploymentPostprocessing = 0;
		};
		243A510A1BEC762B00E04B1A /* Sources */ = {
			isa = PBXSourcesBuildPhase;
			buildActionMask = 2147483647;
			files = (
				243A51131BEC762B00E04B1A /* SZQRCodeDemoTests.m in Sources */,
			);
			runOnlyForDeploymentPostprocessing = 0;
		};
		243A51151BEC762B00E04B1A /* Sources */ = {
			isa = PBXSourcesBuildPhase;
			buildActionMask = 2147483647;
			files = (
				243A511E1BEC762B00E04B1A /* SZQRCodeDemoUITests.m in Sources */,
			);
			runOnlyForDeploymentPostprocessing = 0;
		};
/* End PBXSourcesBuildPhase section */

/* Begin PBXTargetDependency section */
		243A51101BEC762B00E04B1A /* PBXTargetDependency */ = {
			isa = PBXTargetDependency;
			target = 243A50F41BEC762B00E04B1A /* SZQRCodeDemo */;
			targetProxy = 243A510F1BEC762B00E04B1A /* PBXContainerItemProxy */;
		};
		243A511B1BEC762B00E04B1A /* PBXTargetDependency */ = {
			isa = PBXTargetDependency;
			target = 243A50F41BEC762B00E04B1A /* SZQRCodeDemo */;
			targetProxy = 243A511A1BEC762B00E04B1A /* PBXContainerItemProxy */;
		};
/* End PBXTargetDependency section */

/* Begin PBXVariantGroup section */
		243A51011BEC762B00E04B1A /* Main.storyboard */ = {
			isa = PBXVariantGroup;
			children = (
				243A51021BEC762B00E04B1A /* Base */,
			);
			name = Main.storyboard;
			sourceTree = "<group>";
		};
		243A51061BEC762B00E04B1A /* LaunchScreen.storyboard */ = {
			isa = PBXVariantGroup;
			children = (
				243A51071BEC762B00E04B1A /* Base */,
			);
			name = LaunchScreen.storyboard;
			sourceTree = "<group>";
		};
/* End PBXVariantGroup section */

/* Begin XCBuildConfiguration section */
		243A51201BEC762B00E04B1A /* Debug */ = {
			isa = XCBuildConfiguration;
			buildSettings = {
				ALWAYS_SEARCH_USER_PATHS = NO;
				CLANG_CXX_LANGUAGE_STANDARD = "gnu++0x";
				CLANG_CXX_LIBRARY = "libc++";
				CLANG_ENABLE_MODULES = YES;
				CLANG_ENABLE_OBJC_ARC = YES;
				CLANG_WARN_BOOL_CONVERSION = YES;
				CLANG_WARN_CONSTANT_CONVERSION = YES;
				CLANG_WARN_DIRECT_OBJC_ISA_USAGE = YES_ERROR;
				CLANG_WARN_EMPTY_BODY = YES;
				CLANG_WARN_ENUM_CONVERSION = YES;
				CLANG_WARN_INT_CONVERSION = YES;
				CLANG_WARN_OBJC_ROOT_CLASS = YES_ERROR;
				CLANG_WARN_UNREACHABLE_CODE = YES;
				CLANG_WARN__DUPLICATE_METHOD_MATCH = YES;
				"CODE_SIGN_IDENTITY[sdk=iphoneos*]" = "iPhone Developer";
				COPY_PHASE_STRIP = NO;
				DEBUG_INFORMATION_FORMAT = dwarf;
				ENABLE_STRICT_OBJC_MSGSEND = YES;
				ENABLE_TESTABILITY = YES;
				GCC_C_LANGUAGE_STANDARD = gnu99;
				GCC_DYNAMIC_NO_PIC = NO;
				GCC_NO_COMMON_BLOCKS = YES;
				GCC_OPTIMIZATION_LEVEL = 0;
				GCC_PREPROCESSOR_DEFINITIONS = (
					"DEBUG=1",
					"$(inherited)",
				);
				GCC_WARN_64_TO_32_BIT_CONVERSION = YES;
				GCC_WARN_ABOUT_RETURN_TYPE = YES_ERROR;
				GCC_WARN_UNDECLARED_SELECTOR = YES;
				GCC_WARN_UNINITIALIZED_AUTOS = YES_AGGRESSIVE;
				GCC_WARN_UNUSED_FUNCTION = YES;
				GCC_WARN_UNUSED_VARIABLE = YES;
				IPHONEOS_DEPLOYMENT_TARGET = 7.0;
				MTL_ENABLE_DEBUG_INFO = YES;
				ONLY_ACTIVE_ARCH = YES;
				SDKROOT = iphoneos;
			};
			name = Debug;
		};
		243A51211BEC762B00E04B1A /* Release */ = {
			isa = XCBuildConfiguration;
			buildSettings = {
				ALWAYS_SEARCH_USER_PATHS = NO;
				CLANG_CXX_LANGUAGE_STANDARD = "gnu++0x";
				CLANG_CXX_LIBRARY = "libc++";
				CLANG_ENABLE_MODULES = YES;
				CLANG_ENABLE_OBJC_ARC = YES;
				CLANG_WARN_BOOL_CONVERSION = YES;
				CLANG_WARN_CONSTANT_CONVERSION = YES;
				CLANG_WARN_DIRECT_OBJC_ISA_USAGE = YES_ERROR;
				CLANG_WARN_EMPTY_BODY = YES;
				CLANG_WARN_ENUM_CONVERSION = YES;
				CLANG_WARN_INT_CONVERSION = YES;
				CLANG_WARN_OBJC_ROOT_CLASS = YES_ERROR;
				CLANG_WARN_UNREACHABLE_CODE = YES;
				CLANG_WARN__DUPLICATE_METHOD_MATCH = YES;
				"CODE_SIGN_IDENTITY[sdk=iphoneos*]" = "iPhone Developer";
				COPY_PHASE_STRIP = NO;
				DEBUG_INFORMATION_FORMAT = "dwarf-with-dsym";
				ENABLE_NS_ASSERTIONS = NO;
				ENABLE_STRICT_OBJC_MSGSEND = YES;
				GCC_C_LANGUAGE_STANDARD = gnu99;
				GCC_NO_COMMON_BLOCKS = YES;
				GCC_WARN_64_TO_32_BIT_CONVERSION = YES;
				GCC_WARN_ABOUT_RETURN_TYPE = YES_ERROR;
				GCC_WARN_UNDECLARED_SELECTOR = YES;
				GCC_WARN_UNINITIALIZED_AUTOS = YES_AGGRESSIVE;
				GCC_WARN_UNUSED_FUNCTION = YES;
				GCC_WARN_UNUSED_VARIABLE = YES;
				IPHONEOS_DEPLOYMENT_TARGET = 7.0;
				MTL_ENABLE_DEBUG_INFO = NO;
				SDKROOT = iphoneos;
				VALIDATE_PRODUCT = YES;
			};
			name = Release;
		};
		243A51231BEC762B00E04B1A /* Debug */ = {
			isa = XCBuildConfiguration;
			baseConfigurationReference = 5C64EFAA3323006DD54954B6 /* Pods.debug.xcconfig */;
			buildSettings = {
				ASSETCATALOG_COMPILER_APPICON_NAME = AppIcon;
				INFOPLIST_FILE = SZQRCodeDemo/Info.plist;
				LD_RUNPATH_SEARCH_PATHS = "$(inherited) @executable_path/Frameworks";
				PRODUCT_BUNDLE_IDENTIFIER = com.shengzhichen.7SZQRCodeDemo;
				PRODUCT_NAME = "$(TARGET_NAME)";
			};
			name = Debug;
		};
		243A51241BEC762B00E04B1A /* Release */ = {
			isa = XCBuildConfiguration;
			baseConfigurationReference = 6573823787B264A6F95D7E82 /* Pods.release.xcconfig */;
			buildSettings = {
				ASSETCATALOG_COMPILER_APPICON_NAME = AppIcon;
				INFOPLIST_FILE = SZQRCodeDemo/Info.plist;
				LD_RUNPATH_SEARCH_PATHS = "$(inherited) @executable_path/Frameworks";
				PRODUCT_BUNDLE_IDENTIFIER = com.shengzhichen.7SZQRCodeDemo;
				PRODUCT_NAME = "$(TARGET_NAME)";
			};
			name = Release;
		};
		243A51261BEC762B00E04B1A /* Debug */ = {
			isa = XCBuildConfiguration;
			buildSettings = {
				BUNDLE_LOADER = "$(TEST_HOST)";
				INFOPLIST_FILE = SZQRCodeDemoTests/Info.plist;
				LD_RUNPATH_SEARCH_PATHS = "$(inherited) @executable_path/Frameworks @loader_path/Frameworks";
				PRODUCT_BUNDLE_IDENTIFIER = com.shengzhichen.SZQRCodeDemoTests;
				PRODUCT_NAME = "$(TARGET_NAME)";
				TEST_HOST = "$(BUILT_PRODUCTS_DIR)/SZQRCodeDemo.app/SZQRCodeDemo";
			};
			name = Debug;
		};
		243A51271BEC762B00E04B1A /* Release */ = {
			isa = XCBuildConfiguration;
			buildSettings = {
				BUNDLE_LOADER = "$(TEST_HOST)";
				INFOPLIST_FILE = SZQRCodeDemoTests/Info.plist;
				LD_RUNPATH_SEARCH_PATHS = "$(inherited) @executable_path/Frameworks @loader_path/Frameworks";
				PRODUCT_BUNDLE_IDENTIFIER = com.shengzhichen.SZQRCodeDemoTests;
				PRODUCT_NAME = "$(TARGET_NAME)";
				TEST_HOST = "$(BUILT_PRODUCTS_DIR)/SZQRCodeDemo.app/SZQRCodeDemo";
			};
			name = Release;
		};
		243A51291BEC762B00E04B1A /* Debug */ = {
			isa = XCBuildConfiguration;
			buildSettings = {
				INFOPLIST_FILE = SZQRCodeDemoUITests/Info.plist;
				LD_RUNPATH_SEARCH_PATHS = "$(inherited) @executable_path/Frameworks @loader_path/Frameworks";
				PRODUCT_BUNDLE_IDENTIFIER = com.shengzhichen.SZQRCodeDemoUITests;
				PRODUCT_NAME = "$(TARGET_NAME)";
				TEST_TARGET_NAME = SZQRCodeDemo;
				USES_XCTRUNNER = YES;
			};
			name = Debug;
		};
		243A512A1BEC762B00E04B1A /* Release */ = {
			isa = XCBuildConfiguration;
			buildSettings = {
				INFOPLIST_FILE = SZQRCodeDemoUITests/Info.plist;
				LD_RUNPATH_SEARCH_PATHS = "$(inherited) @executable_path/Frameworks @loader_path/Frameworks";
				PRODUCT_BUNDLE_IDENTIFIER = com.shengzhichen.SZQRCodeDemoUITests;
				PRODUCT_NAME = "$(TARGET_NAME)";
				TEST_TARGET_NAME = SZQRCodeDemo;
				USES_XCTRUNNER = YES;
			};
			name = Release;
		};
/* End XCBuildConfiguration section */

/* Begin XCConfigurationList section */
		243A50F01BEC762B00E04B1A /* Build configuration list for PBXProject "SZQRCodeDemo" */ = {
			isa = XCConfigurationList;
			buildConfigurations = (
				243A51201BEC762B00E04B1A /* Debug */,
				243A51211BEC762B00E04B1A /* Release */,
			);
			defaultConfigurationIsVisible = 0;
			defaultConfigurationName = Release;
		};
		243A51221BEC762B00E04B1A /* Build configuration list for PBXNativeTarget "SZQRCodeDemo" */ = {
			isa = XCConfigurationList;
			buildConfigurations = (
				243A51231BEC762B00E04B1A /* Debug */,
				243A51241BEC762B00E04B1A /* Release */,
			);
			defaultConfigurationIsVisible = 0;
			defaultConfigurationName = Release;
		};
		243A51251BEC762B00E04B1A /* Build configuration list for PBXNativeTarget "SZQRCodeDemoTests" */ = {
			isa = XCConfigurationList;
			buildConfigurations = (
				243A51261BEC762B00E04B1A /* Debug */,
				243A51271BEC762B00E04B1A /* Release */,
			);
			defaultConfigurationIsVisible = 0;
			defaultConfigurationName = Release;
		};
		243A51281BEC762B00E04B1A /* Build configuration list for PBXNativeTarget "SZQRCodeDemoUITests" */ = {
			isa = XCConfigurationList;
			buildConfigurations = (
				243A51291BEC762B00E04B1A /* Debug */,
				243A512A1BEC762B00E04B1A /* Release */,
			);
			defaultConfigurationIsVisible = 0;
			defaultConfigurationName = Release;
		};
/* End XCConfigurationList section */
	};
	rootObject = 243A50ED1BEC762B00E04B1A /* Project object */;
}
